// !$*UTF8*$!
{
	archiveVersion = 1;
	classes = {
	};
	objectVersion = 46;
	objects = {

/* Begin PBXBuildFile section */
		524206621D23A7CF00922864 /* AppDelegate.swift in Sources */ = {isa = PBXBuildFile; fileRef = 524206611D23A7CF00922864 /* AppDelegate.swift */; };
		524206641D23A7CF00922864 /* ViewController.swift in Sources */ = {isa = PBXBuildFile; fileRef = 524206631D23A7CF00922864 /* ViewController.swift */; };
		524206671D23A7CF00922864 /* Main.storyboard in Resources */ = {isa = PBXBuildFile; fileRef = 524206651D23A7CF00922864 /* Main.storyboard */; };
		524206691D23A7CF00922864 /* Assets.xcassets in Resources */ = {isa = PBXBuildFile; fileRef = 524206681D23A7CF00922864 /* Assets.xcassets */; };
		5242066C1D23A7CF00922864 /* LaunchScreen.storyboard in Resources */ = {isa = PBXBuildFile; fileRef = 5242066A1D23A7CF00922864 /* LaunchScreen.storyboard */; };
		524206771D23A7CF00922864 /* BGInfiniteScrollViewTests.swift in Sources */ = {isa = PBXBuildFile; fileRef = 524206761D23A7CF00922864 /* BGInfiniteScrollViewTests.swift */; };
		524206821D23A80200922864 /* BGInfinitScrollView.swift in Sources */ = {isa = PBXBuildFile; fileRef = 524206811D23A80200922864 /* BGInfinitScrollView.swift */; };
/* End PBXBuildFile section */

/* Begin PBXContainerItemProxy section */
		524206731D23A7CF00922864 /* PBXContainerItemProxy */ = {
			isa = PBXContainerItemProxy;
			containerPortal = 524206561D23A7CF00922864 /* Project object */;
			proxyType = 1;
			remoteGlobalIDString = 5242065D1D23A7CF00922864;
			remoteInfo = BGInfiniteScrollView;
		};
/* End PBXContainerItemProxy section */

/* Begin PBXFileReference section */
		5242065E1D23A7CF00922864 /* BGInfiniteScrollView.app */ = {isa = PBXFileReference; explicitFileType = wrapper.application; includeInIndex = 0; path = BGInfiniteScrollView.app; sourceTree = BUILT_PRODUCTS_DIR; };
		524206611D23A7CF00922864 /* AppDelegate.swift */ = {isa = PBXFileReference; lastKnownFileType = sourcecode.swift; path = AppDelegate.swift; sourceTree = "<group>"; };
		524206631D23A7CF00922864 /* ViewController.swift */ = {isa = PBXFileReference; lastKnownFileType = sourcecode.swift; path = ViewController.swift; sourceTree = "<group>"; };
		524206661D23A7CF00922864 /* Base */ = {isa = PBXFileReference; lastKnownFileType = file.storyboard; name = Base; path = Base.lproj/Main.storyboard; sourceTree = "<group>"; };
		524206681D23A7CF00922864 /* Assets.xcassets */ = {isa = PBXFileReference; lastKnownFileType = folder.assetcatalog; path = Assets.xcassets; sourceTree = "<group>"; };
		5242066B1D23A7CF00922864 /* Base */ = {isa = PBXFileReference; lastKnownFileType = file.storyboard; name = Base; path = Base.lproj/LaunchScreen.storyboard; sourceTree = "<group>"; };
		5242066D1D23A7CF00922864 /* Info.plist */ = {isa = PBXFileReference; lastKnownFileType = text.plist.xml; path = Info.plist; sourceTree = "<group>"; };
		524206721D23A7CF00922864 /* BGInfiniteScrollViewTests.xctest */ = {isa = PBXFileReference; explicitFileType = wrapper.cfbundle; includeInIndex = 0; path = BGInfiniteScrollViewTests.xctest; sourceTree = BUILT_PRODUCTS_DIR; };
		524206761D23A7CF00922864 /* BGInfiniteScrollViewTests.swift */ = {isa = PBXFileReference; lastKnownFileType = sourcecode.swift; path = BGInfiniteScrollViewTests.swift; sourceTree = "<group>"; };
		524206781D23A7CF00922864 /* Info.plist */ = {isa = PBXFileReference; lastKnownFileType = text.plist.xml; path = Info.plist; sourceTree = "<group>"; };
		524206811D23A80200922864 /* BGInfinitScrollView.swift */ = {isa = PBXFileReference; fileEncoding = 4; lastKnownFileType = sourcecode.swift; path = BGInfinitScrollView.swift; sourceTree = "<group>"; };
/* End PBXFileReference section */

/* Begin PBXFrameworksBuildPhase section */
		5242065B1D23A7CF00922864 /* Frameworks */ = {
			isa = PBXFrameworksBuildPhase;
			buildActionMask = 2147483647;
			files = (
			);
			runOnlyForDeploymentPostprocessing = 0;
		};
		5242066F1D23A7CF00922864 /* Frameworks */ = {
			isa = PBXFrameworksBuildPhase;
			buildActionMask = 2147483647;
			files = (
			);
			runOnlyForDeploymentPostprocessing = 0;
		};
/* End PBXFrameworksBuildPhase section */

/* Begin PBXGroup section */
		524206551D23A7CF00922864 = {
			isa = PBXGroup;
			children = (
				524206601D23A7CF00922864 /* BGInfiniteScrollView */,
				524206751D23A7CF00922864 /* BGInfiniteScrollViewTests */,
				5242065F1D23A7CF00922864 /* Products */,
			);
			sourceTree = "<group>";
		};
		5242065F1D23A7CF00922864 /* Products */ = {
			isa = PBXGroup;
			children = (
				5242065E1D23A7CF00922864 /* BGInfiniteScrollView.app */,
				524206721D23A7CF00922864 /* BGInfiniteScrollViewTests.xctest */,
			);
			name = Products;
			sourceTree = "<group>";
		};
		524206601D23A7CF00922864 /* BGInfiniteScrollView */ = {
			isa = PBXGroup;
			children = (
				524206611D23A7CF00922864 /* AppDelegate.swift */,
				524206631D23A7CF00922864 /* ViewController.swift */,
				524206811D23A80200922864 /* BGInfinitScrollView.swift */,
				524206651D23A7CF00922864 /* Main.storyboard */,
				524206681D23A7CF00922864 /* Assets.xcassets */,
				5242066A1D23A7CF00922864 /* LaunchScreen.storyboard */,
				5242066D1D23A7CF00922864 /* Info.plist */,
			);
			path = BGInfiniteScrollView;
			sourceTree = "<group>";
		};
		524206751D23A7CF00922864 /* BGInfiniteScrollViewTests */ = {
			isa = PBXGroup;
			children = (
				524206761D23A7CF00922864 /* BGInfiniteScrollViewTests.swift */,
				524206781D23A7CF00922864 /* Info.plist */,
			);
			path = BGInfiniteScrollViewTests;
			sourceTree = "<group>";
		};
/* End PBXGroup section */

/* Begin PBXNativeTarget section */
		5242065D1D23A7CF00922864 /* BGInfiniteScrollView */ = {
			isa = PBXNativeTarget;
			buildConfigurationList = 5242067B1D23A7CF00922864 /* Build configuration list for PBXNativeTarget "BGInfiniteScrollView" */;
			buildPhases = (
				5242065A1D23A7CF00922864 /* Sources */,
				5242065B1D23A7CF00922864 /* Frameworks */,
				5242065C1D23A7CF00922864 /* Resources */,
			);
			buildRules = (
			);
			dependencies = (
			);
			name = BGInfiniteScrollView;
			productName = BGInfiniteScrollView;
			productReference = 5242065E1D23A7CF00922864 /* BGInfiniteScrollView.app */;
			productType = "com.apple.product-type.application";
		};
		524206711D23A7CF00922864 /* BGInfiniteScrollViewTests */ = {
			isa = PBXNativeTarget;
			buildConfigurationList = 5242067E1D23A7CF00922864 /* Build configuration list for PBXNativeTarget "BGInfiniteScrollViewTests" */;
			buildPhases = (
				5242066E1D23A7CF00922864 /* Sources */,
				5242066F1D23A7CF00922864 /* Frameworks */,
				524206701D23A7CF00922864 /* Resources */,
			);
			buildRules = (
			);
			dependencies = (
				524206741D23A7CF00922864 /* PBXTargetDependency */,
			);
			name = BGInfiniteScrollViewTests;
			productName = BGInfiniteScrollViewTests;
			productReference = 524206721D23A7CF00922864 /* BGInfiniteScrollViewTests.xctest */;
			productType = "com.apple.product-type.bundle.unit-test";
		};
/* End PBXNativeTarget section */

/* Begin PBXProject section */
		524206561D23A7CF00922864 /* Project object */ = {
			isa = PBXProject;
			attributes = {
				LastSwiftUpdateCheck = 0730;
				LastUpgradeCheck = 0730;
				ORGANIZATIONNAME = test;
				TargetAttributes = {
					5242065D1D23A7CF00922864 = {
						CreatedOnToolsVersion = 7.3;
					};
					524206711D23A7CF00922864 = {
						CreatedOnToolsVersion = 7.3;
						TestTargetID = 5242065D1D23A7CF00922864;
					};
				};
			};
			buildConfigurationList = 524206591D23A7CF00922864 /* Build configuration list for PBXProject "BGInfiniteScrollView" */;
			compatibilityVersion = "Xcode 3.2";
			developmentRegion = English;
			hasScannedForEncodings = 0;
			knownRegions = (
				en,
				Base,
			);
			mainGroup = 524206551D23A7CF00922864;
			productRefGroup = 5242065F1D23A7CF00922864 /* Products */;
			projectDirPath = "";
			projectRoot = "";
			targets = (
				5242065D1D23A7CF00922864 /* BGInfiniteScrollView */,
				524206711D23A7CF00922864 /* BGInfiniteScrollViewTests */,
			);
		};
/* End PBXProject section */

/* Begin PBXResourcesBuildPhase section */
		5242065C1D23A7CF00922864 /* Resources */ = {
			isa = PBXResourcesBuildPhase;
			buildActionMask = 2147483647;
			files = (
				5242066C1D23A7CF00922864 /* LaunchScreen.storyboard in Resources */,
				524206691D23A7CF00922864 /* Assets.xcassets in Resources */,
				524206671D23A7CF00922864 /* Main.storyboard in Resources */,
			);
			runOnlyForDeploymentPostprocessing = 0;
		};
		524206701D23A7CF00922864 /* Resources */ = {
			isa = PBXResourcesBuildPhase;
			buildActionMask = 2147483647;
			files = (
			);
			runOnlyForDeploymentPostprocessing = 0;
		};
/* End PBXResourcesBuildPhase section */

/* Begin PBXSourcesBuildPhase section */
		5242065A1D23A7CF00922864 /* Sources */ = {
			isa = PBXSourcesBuildPhase;
			buildActionMask = 2147483647;
			files = (
				524206821D23A80200922864 /* BGInfinitScrollView.swift in Sources */,
				524206641D23A7CF00922864 /* ViewController.swift in Sources */,
				524206621D23A7CF00922864 /* AppDelegate.swift in Sources */,
			);
			runOnlyForDeploymentPostprocessing = 0;
		};
		5242066E1D23A7CF00922864 /* Sources */ = {
			isa = PBXSourcesBuildPhase;
			buildActionMask = 2147483647;
			files = (
				524206771D23A7CF00922864 /* BGInfiniteScrollViewTests.swift in Sources */,
			);
			runOnlyForDeploymentPostprocessing = 0;
		};
/* End PBXSourcesBuildPhase section */

/* Begin PBXTargetDependency section */
		524206741D23A7CF00922864 /* PBXTargetDependency */ = {
			isa = PBXTargetDependency;
			target = 5242065D1D23A7CF00922864 /* BGInfiniteScrollView */;
			targetProxy = 524206731D23A7CF00922864 /* PBXContainerItemProxy */;
		};
/* End PBXTargetDependency section */

/* Begin PBXVariantGroup section */
		524206651D23A7CF00922864 /* Main.storyboard */ = {
			isa = PBXVariantGroup;
			children = (
				524206661D23A7CF00922864 /* Base */,
			);
			name = Main.storyboard;
			sourceTree = "<group>";
		};
		5242066A1D23A7CF00922864 /* LaunchScreen.storyboard */ = {
			isa = PBXVariantGroup;
			children = (
				5242066B1D23A7CF00922864 /* Base */,
			);
			name = LaunchScreen.storyboard;
			sourceTree = "<group>";
		};
/* End PBXVariantGroup section */

/* Begin XCBuildConfiguration section */
		524206791D23A7CF00922864 /* Debug */ = {
			isa = XCBuildConfiguration;
			buildSettings = {
				ALWAYS_SEARCH_USER_PATHS = NO;
				CLANG_ANALYZER_NONNULL = YES;
				CLANG_CXX_LANGUAGE_STANDARD = "gnu++0x";
				CLANG_CXX_LIBRARY = "libc++";
				CLANG_ENABLE_MODULES = YES;
				CLANG_ENABLE_OBJC_ARC = YES;
				CLANG_WARN_BOOL_CONVERSION = YES;
				CLANG_WARN_CONSTANT_CONVERSION = YES;
				CLANG_WARN_DIRECT_OBJC_ISA_USAGE = YES_ERROR;
				CLANG_WARN_EMPTY_BODY = YES;
				CLANG_WARN_ENUM_CONVERSION = YES;
				CLANG_WARN_INT_CONVERSION = YES;
				CLANG_WARN_OBJC_ROOT_CLASS = YES_ERROR;
				CLANG_WARN_UNREACHABLE_CODE = YES;
				CLANG_WARN__DUPLICATE_METHOD_MATCH = YES;
				"CODE_SIGN_IDENTITY[sdk=iphoneos*]" = "iPhone Developer";
				COPY_PHASE_STRIP = NO;
				DEBUG_INFORMATION_FORMAT = dwarf;
				ENABLE_STRICT_OBJC_MSGSEND = YES;
				ENABLE_TESTABILITY = YES;
				GCC_C_LANGUAGE_STANDARD = gnu99;
				GCC_DYNAMIC_NO_PIC = NO;
				GCC_NO_COMMON_BLOCKS = YES;
				GCC_OPTIMIZATION_LEVEL = 0;
				GCC_PREPROCESSOR_DEFINITIONS = (
					"DEBUG=1",
					"$(inherited)",
				);
				GCC_WARN_64_TO_32_BIT_CONVERSION = YES;
				GCC_WARN_ABOUT_RETURN_TYPE = YES_ERROR;
				GCC_WARN_UNDECLARED_SELECTOR = YES;
				GCC_WARN_UNINITIALIZED_AUTOS = YES_AGGRESSIVE;
				GCC_WARN_UNUSED_FUNCTION = YES;
				GCC_WARN_UNUSED_VARIABLE = YES;
				IPHONEOS_DEPLOYMENT_TARGET = 9.3;
				MTL_ENABLE_DEBUG_INFO = YES;
				ONLY_ACTIVE_ARCH = YES;
				SDKROOT = iphoneos;
				SWIFT_OPTIMIZATION_LEVEL = "-Onone";
			};
			name = Debug;
		};
		5242067A1D23A7CF00922864 /* Release */ = {
			isa = XCBuildConfiguration;
			buildSettings = {
				ALWAYS_SEARCH_USER_PATHS = NO;
				CLANG_ANALYZER_NONNULL = YES;
				CLANG_CXX_LANGUAGE_STANDARD = "gnu++0x";
				CLANG_CXX_LIBRARY = "libc++";
				CLANG_ENABLE_MODULES = YES;
				CLANG_ENABLE_OBJC_ARC = YES;
				CLANG_WARN_BOOL_CONVERSION = YES;
				CLANG_WARN_CONSTANT_CONVERSION = YES;
				CLANG_WARN_DIRECT_OBJC_ISA_USAGE = YES_ERROR;
				CLANG_WARN_EMPTY_BODY = YES;
				CLANG_WARN_ENUM_CONVERSION = YES;
				CLANG_WARN_INT_CONVERSION = YES;
				CLANG_WARN_OBJC_ROOT_CLASS = YES_ERROR;
				CLANG_WARN_UNREACHABLE_CODE = YES;
				CLANG_WARN__DUPLICATE_METHOD_MATCH = YES;
				"CODE_SIGN_IDENTITY[sdk=iphoneos*]" = "iPhone Developer";
				COPY_PHASE_STRIP = NO;
				DEBUG_INFORMATION_FORMAT = "dwarf-with-dsym";
				ENABLE_NS_ASSERTIONS = NO;
				ENABLE_STRICT_OBJC_MSGSEND = YES;
				GCC_C_LANGUAGE_STANDARD = gnu99;
				GCC_NO_COMMON_BLOCKS = YES;
				GCC_WARN_64_TO_32_BIT_CONVERSION = YES;
				GCC_WARN_ABOUT_RETURN_TYPE = YES_ERROR;
				GCC_WARN_UNDECLARED_SELECTOR = YES;
				GCC_WARN_UNINITIALIZED_AUTOS = YES_AGGRESSIVE;
				GCC_WARN_UNUSED_FUNCTION = YES;
				GCC_WARN_UNUSED_VARIABLE = YES;
				IPHONEOS_DEPLOYMENT_TARGET = 9.3;
				MTL_ENABLE_DEBUG_INFO = NO;
				SDKROOT = iphoneos;
				VALIDATE_PRODUCT = YES;
			};
			name = Release;
		};
		5242067C1D23A7CF00922864 /* Debug */ = {
			isa = XCBuildConfiguration;
			buildSettings = {
				ASSETCATALOG_COMPILER_APPICON_NAME = AppIcon;
				INFOPLIST_FILE = BGInfiniteScrollView/Info.plist;
				LD_RUNPATH_SEARCH_PATHS = "$(inherited) @executable_path/Frameworks";
				PRODUCT_BUNDLE_IDENTIFIER = BG.BGInfiniteScrollView;
				PRODUCT_NAME = "$(TARGET_NAME)";
			};
			name = Debug;
		};
		5242067D1D23A7CF00922864 /* Release */ = {
			isa = XCBuildConfiguration;
			buildSettings = {
				ASSETCATALOG_COMPILER_APPICON_NAME = AppIcon;
				INFOPLIST_FILE = BGInfiniteScrollView/Info.plist;
				LD_RUNPATH_SEARCH_PATHS = "$(inherited) @executable_path/Frameworks";
				PRODUCT_BUNDLE_IDENTIFIER = BG.BGInfiniteScrollView;
				PRODUCT_NAME = "$(TARGET_NAME)";
			};
			name = Release;
		};
		5242067F1D23A7CF00922864 /* Debug */ = {
			isa = XCBuildConfiguration;
			buildSettings = {
				BUNDLE_LOADER = "$(TEST_HOST)";
				INFOPLIST_FILE = BGInfiniteScrollViewTests/Info.plist;
				LD_RUNPATH_SEARCH_PATHS = "$(inherited) @executable_path/Frameworks @loader_path/Frameworks";
				PRODUCT_BUNDLE_IDENTIFIER = BG.BGInfiniteScrollViewTests;
				PRODUCT_NAME = "$(TARGET_NAME)";
				TEST_HOST = "$(BUILT_PRODUCTS_DIR)/BGInfiniteScrollView.app/BGInfiniteScrollView";
			};
			name = Debug;
		};
		524206801D23A7CF00922864 /* Release */ = {
			isa = XCBuildConfiguration;
			buildSettings = {
				BUNDLE_LOADER = "$(TEST_HOST)";
				INFOPLIST_FILE = BGInfiniteScrollViewTests/Info.plist;
				LD_RUNPATH_SEARCH_PATHS = "$(inherited) @executable_path/Frameworks @loader_path/Frameworks";
				PRODUCT_BUNDLE_IDENTIFIER = BG.BGInfiniteScrollViewTests;
				PRODUCT_NAME = "$(TARGET_NAME)";
				TEST_HOST = "$(BUILT_PRODUCTS_DIR)/BGInfiniteScrollView.app/BGInfiniteScrollView";
			};
			name = Release;
		};
/* End XCBuildConfiguration section */

/* Begin XCConfigurationList section */
		524206591D23A7CF00922864 /* Build configuration list for PBXProject "BGInfiniteScrollView" */ = {
			isa = XCConfigurationList;
			buildConfigurations = (
				524206791D23A7CF00922864 /* Debug */,
				5242067A1D23A7CF00922864 /* Release */,
			);
			defaultConfigurationIsVisible = 0;
			defaultConfigurationName = Release;
		};
		5242067B1D23A7CF00922864 /* Build configuration list for PBXNativeTarget "BGInfiniteScrollView" */ = {
			isa = XCConfigurationList;
			buildConfigurations = (
				5242067C1D23A7CF00922864 /* Debug */,
				5242067D1D23A7CF00922864 /* Release */,
			);
			defaultConfigurationIsVisible = 0;
		};
		5242067E1D23A7CF00922864 /* Build configuration list for PBXNativeTarget "BGInfiniteScrollViewTests" */ = {
			isa = XCConfigurationList;
			buildConfigurations = (
				5242067F1D23A7CF00922864 /* Debug */,
				524206801D23A7CF00922864 /* Release */,
			);
			defaultConfigurationIsVisible = 0;
		};
/* End XCConfigurationList section */
	};
	rootObject = 524206561D23A7CF00922864 /* Project object */;
}
